
Microsoft Visual Studio Solution File, Format Version 12.00
# Visual Studio 15
VisualStudioVersion = 15.0.28010.2050
MinimumVisualStudioVersion = 10.0.40219.1
Project("{888888A0-9F3D-457C-B088-3A5042F75D52}") = "Django1", "Django1\Django1.pyproj", "{4BD5E6D2-DC3C-4865-8C15-94DB982DE802}"
EndProject
Global
	GlobalSection(SolutionConfigurationPlatforms) = preSolution
		Debug|Any CPU = Debug|Any CPU
		Release|Any CPU = Release|Any CPU
	EndGlobalSection
	GlobalSection(ProjectConfigurationPlatforms) = postSolution
		{4BD5E6D2-DC3C-4865-8C15-94DB982DE802}.Debug|Any CPU.ActiveCfg = Debug|Any CPU
		{4BD5E6D2-DC3C-4865-8C15-94DB982DE802}.Debug|Any CPU.Build.0 = Debug|Any CPU
		{4BD5E6D2-DC3C-4865-8C15-94DB982DE802}.Release|Any CPU.ActiveCfg = Release|Any CPU
		{4BD5E6D2-DC3C-4865-8C15-94DB982DE802}.Release|Any CPU.Build.0 = Release|Any CPU
	EndGlobalSection
	GlobalSection(SolutionProperties) = preSolution
		HideSolutionNode = FALSE
	EndGlobalSection
	GlobalSection(ExtensibilityGlobals) = postSolution
		SolutionGuid = {BC96E412-AC96-4926-92BF-599F07DFAE3A}
	EndGlobalSection
EndGlobal
